
Microsoft Visual Studio Solution File, Format Version 12.00
# Visual Studio 2012
Project("{FAE04EC0-301F-11D3-BF4B-00C04F79EFBC}") = "Patient Monitor System Assessment", "Patient Monitor System Assessment\Patient Monitor System Assessment.csproj", "{63112758-C8D3-430B-B92C-90582F2534DC}"
EndProject
Global
	GlobalSection(SolutionConfigurationPlatforms) = preSolution
		Debug|Any CPU = Debug|Any CPU
		Release|Any CPU = Release|Any CPU
	EndGlobalSection
	GlobalSection(ProjectConfigurationPlatforms) = postSolution
		{63112758-C8D3-430B-B92C-90582F2534DC}.Debug|Any CPU.ActiveCfg = Debug|Any CPU
		{63112758-C8D3-430B-B92C-90582F2534DC}.Debug|Any CPU.Build.0 = Debug|Any CPU
		{63112758-C8D3-430B-B92C-90582F2534DC}.Release|Any CPU.ActiveCfg = Release|Any CPU
		{63112758-C8D3-430B-B92C-90582F2534DC}.Release|Any CPU.Build.0 = Release|Any CPU
	EndGlobalSection
	GlobalSection(SolutionProperties) = preSolution
		HideSolutionNode = FALSE
	EndGlobalSection
EndGlobal
